
Microsoft Visual Studio Solution File, Format Version 12.00
# Visual Studio 15
VisualStudioVersion = 15.0.26430.16
MinimumVisualStudioVersion = 10.0.40219.1
Project("{FAE04EC0-301F-11D3-BF4B-00C04F79EFBC}") = "WpfApp1", "WpfApp1\WpfApp1.csproj", "{B457D4B2-9A33-438B-A603-56C2E9B18D4A}"
EndProject
Project("{FAE04EC0-301F-11D3-BF4B-00C04F79EFBC}") = "WindowsFormsApp1", "WindowsFormsApp1\WindowsFormsApp1.csproj", "{5320C52A-0DA1-4C01-BED9-3550A0D14B08}"
EndProject
Project("{FAE04EC0-301F-11D3-BF4B-00C04F79EFBC}") = "WindowsFormsApp2", "WindowsFormsApp2\WindowsFormsApp2.csproj", "{DCF90294-0DC9-48CF-890D-8FFEE4D94F7E}"
EndProject
Project("{FAE04EC0-301F-11D3-BF4B-00C04F79EFBC}") = "WindowsFormsApp3ch5", "WindowsFormsApp3ch5\WindowsFormsApp3ch5.csproj", "{987FCC81-7B48-411B-AC93-0B3D9A791DC2}"
EndProject
Project("{FAE04EC0-301F-11D3-BF4B-00C04F79EFBC}") = "brackettobrace", "WindowsFormsApp3\brackettobrace.csproj", "{9E62CB6A-D6DB-4EE6-8BF4-FFE933976855}"
EndProject
Global
	GlobalSection(SolutionConfigurationPlatforms) = preSolution
		Debug|Any CPU = Debug|Any CPU
		Release|Any CPU = Release|Any CPU
	EndGlobalSection
	GlobalSection(ProjectConfigurationPlatforms) = postSolution
		{B457D4B2-9A33-438B-A603-56C2E9B18D4A}.Debug|Any CPU.ActiveCfg = Debug|Any CPU
		{B457D4B2-9A33-438B-A603-56C2E9B18D4A}.Debug|Any CPU.Build.0 = Debug|Any CPU
		{B457D4B2-9A33-438B-A603-56C2E9B18D4A}.Release|Any CPU.ActiveCfg = Release|Any CPU
		{B457D4B2-9A33-438B-A603-56C2E9B18D4A}.Release|Any CPU.Build.0 = Release|Any CPU
		{5320C52A-0DA1-4C01-BED9-3550A0D14B08}.Debug|Any CPU.ActiveCfg = Debug|Any CPU
		{5320C52A-0DA1-4C01-BED9-3550A0D14B08}.Debug|Any CPU.Build.0 = Debug|Any CPU
		{5320C52A-0DA1-4C01-BED9-3550A0D14B08}.Release|Any CPU.ActiveCfg = Release|Any CPU
		{5320C52A-0DA1-4C01-BED9-3550A0D14B08}.Release|Any CPU.Build.0 = Release|Any CPU
		{DCF90294-0DC9-48CF-890D-8FFEE4D94F7E}.Debug|Any CPU.ActiveCfg = Debug|Any CPU
		{DCF90294-0DC9-48CF-890D-8FFEE4D94F7E}.Debug|Any CPU.Build.0 = Debug|Any CPU
		{DCF90294-0DC9-48CF-890D-8FFEE4D94F7E}.Release|Any CPU.ActiveCfg = Release|Any CPU
		{DCF90294-0DC9-48CF-890D-8FFEE4D94F7E}.Release|Any CPU.Build.0 = Release|Any CPU
		{987FCC81-7B48-411B-AC93-0B3D9A791DC2}.Debug|Any CPU.ActiveCfg = Debug|Any CPU
		{987FCC81-7B48-411B-AC93-0B3D9A791DC2}.Debug|Any CPU.Build.0 = Debug|Any CPU
		{987FCC81-7B48-411B-AC93-0B3D9A791DC2}.Release|Any CPU.ActiveCfg = Release|Any CPU
		{987FCC81-7B48-411B-AC93-0B3D9A791DC2}.Release|Any CPU.Build.0 = Release|Any CPU
		{9E62CB6A-D6DB-4EE6-8BF4-FFE933976855}.Debug|Any CPU.ActiveCfg = Debug|Any CPU
		{9E62CB6A-D6DB-4EE6-8BF4-FFE933976855}.Debug|Any CPU.Build.0 = Debug|Any CPU
		{9E62CB6A-D6DB-4EE6-8BF4-FFE933976855}.Release|Any CPU.ActiveCfg = Release|Any CPU
		{9E62CB6A-D6DB-4EE6-8BF4-FFE933976855}.Release|Any CPU.Build.0 = Release|Any CPU
	EndGlobalSection
	GlobalSection(SolutionProperties) = preSolution
		HideSolutionNode = FALSE
	EndGlobalSection
EndGlobal
